
Microsoft Visual Studio Solution File, Format Version 12.00
# Visual Studio 15
VisualStudioVersion = 15.0.27428.1
MinimumVisualStudioVersion = 10.0.40219.1
Project("{FAE04EC0-301F-11D3-BF4B-00C04F79EFBC}") = "BARS", "BARS\BARS.csproj", "{A7CDA015-49F0-4BA6-83F0-BBF0B77C9EDA}"
EndProject
Global
	GlobalSection(SolutionConfigurationPlatforms) = preSolution
		Debug|Any CPU = Debug|Any CPU
		Release|Any CPU = Release|Any CPU
	EndGlobalSection
	GlobalSection(ProjectConfigurationPlatforms) = postSolution
		{A7CDA015-49F0-4BA6-83F0-BBF0B77C9EDA}.Debug|Any CPU.ActiveCfg = Debug|Any CPU
		{A7CDA015-49F0-4BA6-83F0-BBF0B77C9EDA}.Debug|Any CPU.Build.0 = Debug|Any CPU
		{A7CDA015-49F0-4BA6-83F0-BBF0B77C9EDA}.Release|Any CPU.ActiveCfg = Release|Any CPU
		{A7CDA015-49F0-4BA6-83F0-BBF0B77C9EDA}.Release|Any CPU.Build.0 = Release|Any CPU
	EndGlobalSection
	GlobalSection(SolutionProperties) = preSolution
		HideSolutionNode = FALSE
	EndGlobalSection
	GlobalSection(ExtensibilityGlobals) = postSolution
		SolutionGuid = {7BA5C280-B88C-429C-BCE0-C5DCD0E18C0E}
	EndGlobalSection
EndGlobal
